
Microsoft Visual Studio Solution File, Format Version 12.00
# Visual Studio Version 17
VisualStudioVersion = 17.7.33808.371
MinimumVisualStudioVersion = 10.0.40219.1
Project("{8BC9CEB8-8B4A-11D0-8D11-00A0C91BC942}") = "game", "game.vcxproj", "{C994B5EA-3058-403C-953D-3673C2C4D64E}"
EndProject
Project("{2150E333-8FDC-42A3-9474-1A3956D46DE8}") = "Elementos de la solución", "Elementos de la solución", "{75F3B94F-9C32-461E-BC6F-3D7233A8BFF9}"
	ProjectSection(SolutionItems) = preProject
		m_redmutant.cpp = m_redmutant.cpp
	EndProjectSection
EndProject
Global
	GlobalSection(SolutionConfigurationPlatforms) = preSolution
		Debug|x64 = Debug|x64
		Release|x64 = Release|x64
	EndGlobalSection
	GlobalSection(ProjectConfigurationPlatforms) = postSolution
		{C994B5EA-3058-403C-953D-3673C2C4D64E}.Debug|x64.ActiveCfg = Debug|x64
		{C994B5EA-3058-403C-953D-3673C2C4D64E}.Debug|x64.Build.0 = Debug|x64
		{C994B5EA-3058-403C-953D-3673C2C4D64E}.Release|x64.ActiveCfg = Release|x64
		{C994B5EA-3058-403C-953D-3673C2C4D64E}.Release|x64.Build.0 = Release|x64
	EndGlobalSection
	GlobalSection(SolutionProperties) = preSolution
		HideSolutionNode = FALSE
	EndGlobalSection
	GlobalSection(ExtensibilityGlobals) = postSolution
		SolutionGuid = {5E7547B5-6A49-45CD-97AA-956B8460495D}
	EndGlobalSection
EndGlobal
