
Microsoft Visual Studio Solution File, Format Version 12.00
# Visual Studio Version 17
Project("{8BC9CEB8-8B4A-11D0-8D11-00A0C91BC942}") = "ALL_BUILD", "ALL_BUILD.vcxproj", "{B1608168-D453-3AEE-8FDC-33745E85110C}"
	ProjectSection(ProjectDependencies) = postProject
		{280F88FB-EA04-340C-885D-B90621DDEDF9} = {280F88FB-EA04-340C-885D-B90621DDEDF9}
		{3EB7CC60-B002-37C2-959B-BFA77C314CCC} = {3EB7CC60-B002-37C2-959B-BFA77C314CCC}
	EndProjectSection
EndProject
Project("{8BC9CEB8-8B4A-11D0-8D11-00A0C91BC942}") = "Q2HordeModDLL", "Q2HordeModDLL.vcxproj", "{280F88FB-EA04-340C-885D-B90621DDEDF9}"
	ProjectSection(ProjectDependencies) = postProject
		{3EB7CC60-B002-37C2-959B-BFA77C314CCC} = {3EB7CC60-B002-37C2-959B-BFA77C314CCC}
	EndProjectSection
EndProject
Project("{8BC9CEB8-8B4A-11D0-8D11-00A0C91BC942}") = "ZERO_CHECK", "ZERO_CHECK.vcxproj", "{3EB7CC60-B002-37C2-959B-BFA77C314CCC}"
	ProjectSection(ProjectDependencies) = postProject
	EndProjectSection
EndProject
Global
	GlobalSection(SolutionConfigurationPlatforms) = preSolution
		Debug|x64 = Debug|x64
		Release|x64 = Release|x64
		MinSizeRel|x64 = MinSizeRel|x64
		RelWithDebInfo|x64 = RelWithDebInfo|x64
	EndGlobalSection
	GlobalSection(ProjectConfigurationPlatforms) = postSolution
		{B1608168-D453-3AEE-8FDC-33745E85110C}.Debug|x64.ActiveCfg = Debug|x64
		{B1608168-D453-3AEE-8FDC-33745E85110C}.Release|x64.ActiveCfg = Release|x64
		{B1608168-D453-3AEE-8FDC-33745E85110C}.MinSizeRel|x64.ActiveCfg = MinSizeRel|x64
		{B1608168-D453-3AEE-8FDC-33745E85110C}.RelWithDebInfo|x64.ActiveCfg = RelWithDebInfo|x64
		{280F88FB-EA04-340C-885D-B90621DDEDF9}.Debug|x64.ActiveCfg = Debug|x64
		{280F88FB-EA04-340C-885D-B90621DDEDF9}.Debug|x64.Build.0 = Debug|x64
		{280F88FB-EA04-340C-885D-B90621DDEDF9}.Release|x64.ActiveCfg = Release|x64
		{280F88FB-EA04-340C-885D-B90621DDEDF9}.Release|x64.Build.0 = Release|x64
		{280F88FB-EA04-340C-885D-B90621DDEDF9}.MinSizeRel|x64.ActiveCfg = MinSizeRel|x64
		{280F88FB-EA04-340C-885D-B90621DDEDF9}.MinSizeRel|x64.Build.0 = MinSizeRel|x64
		{280F88FB-EA04-340C-885D-B90621DDEDF9}.RelWithDebInfo|x64.ActiveCfg = RelWithDebInfo|x64
		{280F88FB-EA04-340C-885D-B90621DDEDF9}.RelWithDebInfo|x64.Build.0 = RelWithDebInfo|x64
		{3EB7CC60-B002-37C2-959B-BFA77C314CCC}.Debug|x64.ActiveCfg = Debug|x64
		{3EB7CC60-B002-37C2-959B-BFA77C314CCC}.Debug|x64.Build.0 = Debug|x64
		{3EB7CC60-B002-37C2-959B-BFA77C314CCC}.Release|x64.ActiveCfg = Release|x64
		{3EB7CC60-B002-37C2-959B-BFA77C314CCC}.Release|x64.Build.0 = Release|x64
		{3EB7CC60-B002-37C2-959B-BFA77C314CCC}.MinSizeRel|x64.ActiveCfg = MinSizeRel|x64
		{3EB7CC60-B002-37C2-959B-BFA77C314CCC}.MinSizeRel|x64.Build.0 = MinSizeRel|x64
		{3EB7CC60-B002-37C2-959B-BFA77C314CCC}.RelWithDebInfo|x64.ActiveCfg = RelWithDebInfo|x64
		{3EB7CC60-B002-37C2-959B-BFA77C314CCC}.RelWithDebInfo|x64.Build.0 = RelWithDebInfo|x64
	EndGlobalSection
	GlobalSection(ExtensibilityGlobals) = postSolution
		SolutionGuid = {88C40B56-BE52-3D33-89D9-689D60F6831C}
	EndGlobalSection
	GlobalSection(ExtensibilityAddIns) = postSolution
	EndGlobalSection
EndGlobal
